// !$*UTF8*$!
{
	archiveVersion = 1;
	classes = {
	};
	objectVersion = 55;
	objects = {

/* Begin PBXBuildFile section */
		7E2F4BD29093631E4EEEF6F0 /* Pods_ZegoLiveAudioRoomDemo.framework in Frameworks */ = {isa = PBXBuildFile; fileRef = C585BB18E4E71070F01FA46D /* Pods_ZegoLiveAudioRoomDemo.framework */; };
		8EAB49D82766FC7800A32320 /* AppDelegate.swift in Sources */ = {isa = PBXBuildFile; fileRef = 8EAB49D72766FC7800A32320 /* AppDelegate.swift */; };
		8EAB49DA2766FC7800A32320 /* SceneDelegate.swift in Sources */ = {isa = PBXBuildFile; fileRef = 8EAB49D92766FC7800A32320 /* SceneDelegate.swift */; };
		8EAB49DC2766FC7800A32320 /* LoginViewController.swift in Sources */ = {isa = PBXBuildFile; fileRef = 8EAB49DB2766FC7800A32320 /* LoginViewController.swift */; };
		8EAB49DF2766FC7800A32320 /* Main.storyboard in Resources */ = {isa = PBXBuildFile; fileRef = 8EAB49DD2766FC7800A32320 /* Main.storyboard */; };
		8EAB49E12766FC7900A32320 /* Assets.xcassets in Resources */ = {isa = PBXBuildFile; fileRef = 8EAB49E02766FC7900A32320 /* Assets.xcassets */; };
		8EAB49E42766FC7900A32320 /* LaunchScreen.storyboard in Resources */ = {isa = PBXBuildFile; fileRef = 8EAB49E22766FC7900A32320 /* LaunchScreen.storyboard */; };
		8EAB49EE2766FD2500A32320 /* AppCenter.swift in Sources */ = {isa = PBXBuildFile; fileRef = 8EAB49ED2766FD2500A32320 /* AppCenter.swift */; };
		8EDD026D2767214600A6987F /* AppCenter.json in Resources */ = {isa = PBXBuildFile; fileRef = 8EDD026C2767214600A6987F /* AppCenter.json */; };
/* End PBXBuildFile section */

/* Begin PBXFileReference section */
		8EAB49D42766FC7800A32320 /* ZegoLiveAudioRoomDemo.app */ = {isa = PBXFileReference; explicitFileType = wrapper.application; includeInIndex = 0; path = ZegoLiveAudioRoomDemo.app; sourceTree = BUILT_PRODUCTS_DIR; };
		8EAB49D72766FC7800A32320 /* AppDelegate.swift */ = {isa = PBXFileReference; lastKnownFileType = sourcecode.swift; path = AppDelegate.swift; sourceTree = "<group>"; };
		8EAB49D92766FC7800A32320 /* SceneDelegate.swift */ = {isa = PBXFileReference; lastKnownFileType = sourcecode.swift; path = SceneDelegate.swift; sourceTree = "<group>"; };
		8EAB49DB2766FC7800A32320 /* LoginViewController.swift */ = {isa = PBXFileReference; lastKnownFileType = sourcecode.swift; path = LoginViewController.swift; sourceTree = "<group>"; };
		8EAB49DE2766FC7800A32320 /* Base */ = {isa = PBXFileReference; lastKnownFileType = file.storyboard; name = Base; path = Base.lproj/Main.storyboard; sourceTree = "<group>"; };
		8EAB49E02766FC7900A32320 /* Assets.xcassets */ = {isa = PBXFileReference; lastKnownFileType = folder.assetcatalog; path = Assets.xcassets; sourceTree = "<group>"; };
		8EAB49E32766FC7900A32320 /* Base */ = {isa = PBXFileReference; lastKnownFileType = file.storyboard; name = Base; path = Base.lproj/LaunchScreen.storyboard; sourceTree = "<group>"; };
		8EAB49E52766FC7900A32320 /* Info.plist */ = {isa = PBXFileReference; lastKnownFileType = text.plist.xml; path = Info.plist; sourceTree = "<group>"; };
		8EAB49ED2766FD2500A32320 /* AppCenter.swift */ = {isa = PBXFileReference; lastKnownFileType = sourcecode.swift; path = AppCenter.swift; sourceTree = "<group>"; };
		8EDD026C2767214600A6987F /* AppCenter.json */ = {isa = PBXFileReference; lastKnownFileType = text.json; path = AppCenter.json; sourceTree = "<group>"; };
		B37C85AEA064180C9E3593C2 /* Pods-ZegoLiveAudioRoomDemo.release.xcconfig */ = {isa = PBXFileReference; includeInIndex = 1; lastKnownFileType = text.xcconfig; name = "Pods-ZegoLiveAudioRoomDemo.release.xcconfig"; path = "Target Support Files/Pods-ZegoLiveAudioRoomDemo/Pods-ZegoLiveAudioRoomDemo.release.xcconfig"; sourceTree = "<group>"; };
		C585BB18E4E71070F01FA46D /* Pods_ZegoLiveAudioRoomDemo.framework */ = {isa = PBXFileReference; explicitFileType = wrapper.framework; includeInIndex = 0; path = Pods_ZegoLiveAudioRoomDemo.framework; sourceTree = BUILT_PRODUCTS_DIR; };
		E74307424E565E6C7BF64EDC /* Pods-ZegoLiveAudioRoomDemo.debug.xcconfig */ = {isa = PBXFileReference; includeInIndex = 1; lastKnownFileType = text.xcconfig; name = "Pods-ZegoLiveAudioRoomDemo.debug.xcconfig"; path = "Target Support Files/Pods-ZegoLiveAudioRoomDemo/Pods-ZegoLiveAudioRoomDemo.debug.xcconfig"; sourceTree = "<group>"; };
/* End PBXFileReference section */

/* Begin PBXFrameworksBuildPhase section */
		8EAB49D12766FC7800A32320 /* Frameworks */ = {
			isa = PBXFrameworksBuildPhase;
			buildActionMask = 2147483647;
			files = (
				7E2F4BD29093631E4EEEF6F0 /* Pods_ZegoLiveAudioRoomDemo.framework in Frameworks */,
			);
			runOnlyForDeploymentPostprocessing = 0;
		};
/* End PBXFrameworksBuildPhase section */

/* Begin PBXGroup section */
		86F305FB27673FE7003BA278 /* Login */ = {
			isa = PBXGroup;
			children = (
			);
			path = Login;
			sourceTree = "<group>";
		};
		8EAB49CB2766FC7800A32320 = {
			isa = PBXGroup;
			children = (
				8EAB49EB2766FC9100A32320 /* ZegoLiveAudioRoom */,
				8EAB49D62766FC7800A32320 /* ZegoLiveAudioRoomDemo */,
				8EAB49D52766FC7800A32320 /* Products */,
				AEBCC9E3D655A089D69D6D36 /* Pods */,
				D6FA1652EFB614C45326A64C /* Frameworks */,
			);
			sourceTree = "<group>";
		};
		8EAB49D52766FC7800A32320 /* Products */ = {
			isa = PBXGroup;
			children = (
				8EAB49D42766FC7800A32320 /* ZegoLiveAudioRoomDemo.app */,
			);
			name = Products;
			sourceTree = "<group>";
		};
		8EAB49D62766FC7800A32320 /* ZegoLiveAudioRoomDemo */ = {
			isa = PBXGroup;
			children = (
				86F305FB27673FE7003BA278 /* Login */,
				8EAB49EC2766FD1400A32320 /* AppCenter */,
				8EAB49D72766FC7800A32320 /* AppDelegate.swift */,
				8EAB49D92766FC7800A32320 /* SceneDelegate.swift */,
				8EAB49DB2766FC7800A32320 /* LoginViewController.swift */,
				8EAB49DD2766FC7800A32320 /* Main.storyboard */,
				8EAB49E02766FC7900A32320 /* Assets.xcassets */,
				8EAB49E22766FC7900A32320 /* LaunchScreen.storyboard */,
				8EAB49E52766FC7900A32320 /* Info.plist */,
			);
			path = ZegoLiveAudioRoomDemo;
			sourceTree = "<group>";
		};
		8EAB49EB2766FC9100A32320 /* ZegoLiveAudioRoom */ = {
			isa = PBXGroup;
			children = (
			);
			path = ZegoLiveAudioRoom;
			sourceTree = "<group>";
		};
		8EAB49EC2766FD1400A32320 /* AppCenter */ = {
			isa = PBXGroup;
			children = (
				8EAB49ED2766FD2500A32320 /* AppCenter.swift */,
				8EDD026C2767214600A6987F /* AppCenter.json */,
			);
			path = AppCenter;
			sourceTree = "<group>";
		};
		AEBCC9E3D655A089D69D6D36 /* Pods */ = {
			isa = PBXGroup;
			children = (
				E74307424E565E6C7BF64EDC /* Pods-ZegoLiveAudioRoomDemo.debug.xcconfig */,
				B37C85AEA064180C9E3593C2 /* Pods-ZegoLiveAudioRoomDemo.release.xcconfig */,
			);
			path = Pods;
			sourceTree = "<group>";
		};
		D6FA1652EFB614C45326A64C /* Frameworks */ = {
			isa = PBXGroup;
			children = (
				C585BB18E4E71070F01FA46D /* Pods_ZegoLiveAudioRoomDemo.framework */,
			);
			name = Frameworks;
			sourceTree = "<group>";
		};
/* End PBXGroup section */

/* Begin PBXNativeTarget section */
		8EAB49D32766FC7800A32320 /* ZegoLiveAudioRoomDemo */ = {
			isa = PBXNativeTarget;
			buildConfigurationList = 8EAB49E82766FC7900A32320 /* Build configuration list for PBXNativeTarget "ZegoLiveAudioRoomDemo" */;
			buildPhases = (
				4458EEA720C11575FD25210F /* [CP] Check Pods Manifest.lock */,
				8EAB49D02766FC7800A32320 /* Sources */,
				8EAB49D12766FC7800A32320 /* Frameworks */,
				8EAB49D22766FC7800A32320 /* Resources */,
				0D76416BC061264E2E9F68E4 /* [CP] Embed Pods Frameworks */,
			);
			buildRules = (
			);
			dependencies = (
			);
			name = ZegoLiveAudioRoomDemo;
			productName = ZegoLiveAudioRoomDemo;
			productReference = 8EAB49D42766FC7800A32320 /* ZegoLiveAudioRoomDemo.app */;
			productType = "com.apple.product-type.application";
		};
/* End PBXNativeTarget section */

/* Begin PBXProject section */
		8EAB49CC2766FC7800A32320 /* Project object */ = {
			isa = PBXProject;
			attributes = {
				BuildIndependentTargetsInParallel = 1;
				LastSwiftUpdateCheck = 1310;
				LastUpgradeCheck = 1310;
				TargetAttributes = {
					8EAB49D32766FC7800A32320 = {
						CreatedOnToolsVersion = 13.1;
					};
				};
			};
			buildConfigurationList = 8EAB49CF2766FC7800A32320 /* Build configuration list for PBXProject "ZegoLiveAudioRoomDemo" */;
			compatibilityVersion = "Xcode 13.0";
			developmentRegion = en;
			hasScannedForEncodings = 0;
			knownRegions = (
				en,
				Base,
			);
			mainGroup = 8EAB49CB2766FC7800A32320;
			productRefGroup = 8EAB49D52766FC7800A32320 /* Products */;
			projectDirPath = "";
			projectRoot = "";
			targets = (
				8EAB49D32766FC7800A32320 /* ZegoLiveAudioRoomDemo */,
			);
		};
/* End PBXProject section */

/* Begin PBXResourcesBuildPhase section */
		8EAB49D22766FC7800A32320 /* Resources */ = {
			isa = PBXResourcesBuildPhase;
			buildActionMask = 2147483647;
			files = (
				8EDD026D2767214600A6987F /* AppCenter.json in Resources */,
				8EAB49E42766FC7900A32320 /* LaunchScreen.storyboard in Resources */,
				8EAB49E12766FC7900A32320 /* Assets.xcassets in Resources */,
				8EAB49DF2766FC7800A32320 /* Main.storyboard in Resources */,
			);
			runOnlyForDeploymentPostprocessing = 0;
		};
/* End PBXResourcesBuildPhase section */

/* Begin PBXShellScriptBuildPhase section */
		0D76416BC061264E2E9F68E4 /* [CP] Embed Pods Frameworks */ = {
			isa = PBXShellScriptBuildPhase;
			buildActionMask = 2147483647;
			files = (
			);
			inputFileListPaths = (
				"${PODS_ROOT}/Target Support Files/Pods-ZegoLiveAudioRoomDemo/Pods-ZegoLiveAudioRoomDemo-frameworks-${CONFIGURATION}-input-files.xcfilelist",
			);
			name = "[CP] Embed Pods Frameworks";
			outputFileListPaths = (
				"${PODS_ROOT}/Target Support Files/Pods-ZegoLiveAudioRoomDemo/Pods-ZegoLiveAudioRoomDemo-frameworks-${CONFIGURATION}-output-files.xcfilelist",
			);
			runOnlyForDeploymentPostprocessing = 0;
			shellPath = /bin/sh;
			shellScript = "\"${PODS_ROOT}/Target Support Files/Pods-ZegoLiveAudioRoomDemo/Pods-ZegoLiveAudioRoomDemo-frameworks.sh\"\n";
			showEnvVarsInLog = 0;
		};
		4458EEA720C11575FD25210F /* [CP] Check Pods Manifest.lock */ = {
			isa = PBXShellScriptBuildPhase;
			buildActionMask = 2147483647;
			files = (
			);
			inputFileListPaths = (
			);
			inputPaths = (
				"${PODS_PODFILE_DIR_PATH}/Podfile.lock",
				"${PODS_ROOT}/Manifest.lock",
			);
			name = "[CP] Check Pods Manifest.lock";
			outputFileListPaths = (
			);
			outputPaths = (
				"$(DERIVED_FILE_DIR)/Pods-ZegoLiveAudioRoomDemo-checkManifestLockResult.txt",
			);
			runOnlyForDeploymentPostprocessing = 0;
			shellPath = /bin/sh;
			shellScript = "diff \"${PODS_PODFILE_DIR_PATH}/Podfile.lock\" \"${PODS_ROOT}/Manifest.lock\" > /dev/null\nif [ $? != 0 ] ; then\n    # print error to STDERR\n    echo \"error: The sandbox is not in sync with the Podfile.lock. Run 'pod install' or update your CocoaPods installation.\" >&2\n    exit 1\nfi\n# This output is used by Xcode 'outputs' to avoid re-running this script phase.\necho \"SUCCESS\" > \"${SCRIPT_OUTPUT_FILE_0}\"\n";
			showEnvVarsInLog = 0;
		};
/* End PBXShellScriptBuildPhase section */

/* Begin PBXSourcesBuildPhase section */
		8EAB49D02766FC7800A32320 /* Sources */ = {
			isa = PBXSourcesBuildPhase;
			buildActionMask = 2147483647;
			files = (
				8EAB49EE2766FD2500A32320 /* AppCenter.swift in Sources */,
				8EAB49DC2766FC7800A32320 /* LoginViewController.swift in Sources */,
				8EAB49D82766FC7800A32320 /* AppDelegate.swift in Sources */,
				8EAB49DA2766FC7800A32320 /* SceneDelegate.swift in Sources */,
			);
			runOnlyForDeploymentPostprocessing = 0;
		};
/* End PBXSourcesBuildPhase section */

/* Begin PBXVariantGroup section */
		8EAB49DD2766FC7800A32320 /* Main.storyboard */ = {
			isa = PBXVariantGroup;
			children = (
				8EAB49DE2766FC7800A32320 /* Base */,
			);
			name = Main.storyboard;
			sourceTree = "<group>";
		};
		8EAB49E22766FC7900A32320 /* LaunchScreen.storyboard */ = {
			isa = PBXVariantGroup;
			children = (
				8EAB49E32766FC7900A32320 /* Base */,
			);
			name = LaunchScreen.storyboard;
			sourceTree = "<group>";
		};
/* End PBXVariantGroup section */

/* Begin XCBuildConfiguration section */
		8EAB49E62766FC7900A32320 /* Debug */ = {
			isa = XCBuildConfiguration;
			buildSettings = {
				ALWAYS_SEARCH_USER_PATHS = NO;
				CLANG_ANALYZER_NONNULL = YES;
				CLANG_ANALYZER_NUMBER_OBJECT_CONVERSION = YES_AGGRESSIVE;
				CLANG_CXX_LANGUAGE_STANDARD = "gnu++17";
				CLANG_CXX_LIBRARY = "libc++";
				CLANG_ENABLE_MODULES = YES;
				CLANG_ENABLE_OBJC_ARC = YES;
				CLANG_ENABLE_OBJC_WEAK = YES;
				CLANG_WARN_BLOCK_CAPTURE_AUTORELEASING = YES;
				CLANG_WARN_BOOL_CONVERSION = YES;
				CLANG_WARN_COMMA = YES;
				CLANG_WARN_CONSTANT_CONVERSION = YES;
				CLANG_WARN_DEPRECATED_OBJC_IMPLEMENTATIONS = YES;
				CLANG_WARN_DIRECT_OBJC_ISA_USAGE = YES_ERROR;
				CLANG_WARN_DOCUMENTATION_COMMENTS = YES;
				CLANG_WARN_EMPTY_BODY = YES;
				CLANG_WARN_ENUM_CONVERSION = YES;
				CLANG_WARN_INFINITE_RECURSION = YES;
				CLANG_WARN_INT_CONVERSION = YES;
				CLANG_WARN_NON_LITERAL_NULL_CONVERSION = YES;
				CLANG_WARN_OBJC_IMPLICIT_RETAIN_SELF = YES;
				CLANG_WARN_OBJC_LITERAL_CONVERSION = YES;
				CLANG_WARN_OBJC_ROOT_CLASS = YES_ERROR;
				CLANG_WARN_QUOTED_INCLUDE_IN_FRAMEWORK_HEADER = YES;
				CLANG_WARN_RANGE_LOOP_ANALYSIS = YES;
				CLANG_WARN_STRICT_PROTOTYPES = YES;
				CLANG_WARN_SUSPICIOUS_MOVE = YES;
				CLANG_WARN_UNGUARDED_AVAILABILITY = YES_AGGRESSIVE;
				CLANG_WARN_UNREACHABLE_CODE = YES;
				CLANG_WARN__DUPLICATE_METHOD_MATCH = YES;
				COPY_PHASE_STRIP = NO;
				DEBUG_INFORMATION_FORMAT = dwarf;
				ENABLE_STRICT_OBJC_MSGSEND = YES;
				ENABLE_TESTABILITY = YES;
				GCC_C_LANGUAGE_STANDARD = gnu11;
				GCC_DYNAMIC_NO_PIC = NO;
				GCC_NO_COMMON_BLOCKS = YES;
				GCC_OPTIMIZATION_LEVEL = 0;
				GCC_PREPROCESSOR_DEFINITIONS = (
					"DEBUG=1",
					"$(inherited)",
				);
				GCC_WARN_64_TO_32_BIT_CONVERSION = YES;
				GCC_WARN_ABOUT_RETURN_TYPE = YES_ERROR;
				GCC_WARN_UNDECLARED_SELECTOR = YES;
				GCC_WARN_UNINITIALIZED_AUTOS = YES_AGGRESSIVE;
				GCC_WARN_UNUSED_FUNCTION = YES;
				GCC_WARN_UNUSED_VARIABLE = YES;
				IPHONEOS_DEPLOYMENT_TARGET = 15.0;
				MTL_ENABLE_DEBUG_INFO = INCLUDE_SOURCE;
				MTL_FAST_MATH = YES;
				ONLY_ACTIVE_ARCH = YES;
				SDKROOT = iphoneos;
				SWIFT_ACTIVE_COMPILATION_CONDITIONS = DEBUG;
				SWIFT_OPTIMIZATION_LEVEL = "-Onone";
			};
			name = Debug;
		};
		8EAB49E72766FC7900A32320 /* Release */ = {
			isa = XCBuildConfiguration;
			buildSettings = {
				ALWAYS_SEARCH_USER_PATHS = NO;
				CLANG_ANALYZER_NONNULL = YES;
				CLANG_ANALYZER_NUMBER_OBJECT_CONVERSION = YES_AGGRESSIVE;
				CLANG_CXX_LANGUAGE_STANDARD = "gnu++17";
				CLANG_CXX_LIBRARY = "libc++";
				CLANG_ENABLE_MODULES = YES;
				CLANG_ENABLE_OBJC_ARC = YES;
				CLANG_ENABLE_OBJC_WEAK = YES;
				CLANG_WARN_BLOCK_CAPTURE_AUTORELEASING = YES;
				CLANG_WARN_BOOL_CONVERSION = YES;
				CLANG_WARN_COMMA = YES;
				CLANG_WARN_CONSTANT_CONVERSION = YES;
				CLANG_WARN_DEPRECATED_OBJC_IMPLEMENTATIONS = YES;
				CLANG_WARN_DIRECT_OBJC_ISA_USAGE = YES_ERROR;
				CLANG_WARN_DOCUMENTATION_COMMENTS = YES;
				CLANG_WARN_EMPTY_BODY = YES;
				CLANG_WARN_ENUM_CONVERSION = YES;
				CLANG_WARN_INFINITE_RECURSION = YES;
				CLANG_WARN_INT_CONVERSION = YES;
				CLANG_WARN_NON_LITERAL_NULL_CONVERSION = YES;
				CLANG_WARN_OBJC_IMPLICIT_RETAIN_SELF = YES;
				CLANG_WARN_OBJC_LITERAL_CONVERSION = YES;
				CLANG_WARN_OBJC_ROOT_CLASS = YES_ERROR;
				CLANG_WARN_QUOTED_INCLUDE_IN_FRAMEWORK_HEADER = YES;
				CLANG_WARN_RANGE_LOOP_ANALYSIS = YES;
				CLANG_WARN_STRICT_PROTOTYPES = YES;
				CLANG_WARN_SUSPICIOUS_MOVE = YES;
				CLANG_WARN_UNGUARDED_AVAILABILITY = YES_AGGRESSIVE;
				CLANG_WARN_UNREACHABLE_CODE = YES;
				CLANG_WARN__DUPLICATE_METHOD_MATCH = YES;
				COPY_PHASE_STRIP = NO;
				DEBUG_INFORMATION_FORMAT = "dwarf-with-dsym";
				ENABLE_NS_ASSERTIONS = NO;
				ENABLE_STRICT_OBJC_MSGSEND = YES;
				GCC_C_LANGUAGE_STANDARD = gnu11;
				GCC_NO_COMMON_BLOCKS = YES;
				GCC_WARN_64_TO_32_BIT_CONVERSION = YES;
				GCC_WARN_ABOUT_RETURN_TYPE = YES_ERROR;
				GCC_WARN_UNDECLARED_SELECTOR = YES;
				GCC_WARN_UNINITIALIZED_AUTOS = YES_AGGRESSIVE;
				GCC_WARN_UNUSED_FUNCTION = YES;
				GCC_WARN_UNUSED_VARIABLE = YES;
				IPHONEOS_DEPLOYMENT_TARGET = 15.0;
				MTL_ENABLE_DEBUG_INFO = NO;
				MTL_FAST_MATH = YES;
				SDKROOT = iphoneos;
				SWIFT_COMPILATION_MODE = wholemodule;
				SWIFT_OPTIMIZATION_LEVEL = "-O";
				VALIDATE_PRODUCT = YES;
			};
			name = Release;
		};
		8EAB49E92766FC7900A32320 /* Debug */ = {
			isa = XCBuildConfiguration;
			baseConfigurationReference = E74307424E565E6C7BF64EDC /* Pods-ZegoLiveAudioRoomDemo.debug.xcconfig */;
			buildSettings = {
				ASSETCATALOG_COMPILER_APPICON_NAME = AppIcon;
				ASSETCATALOG_COMPILER_GLOBAL_ACCENT_COLOR_NAME = AccentColor;
				CODE_SIGN_STYLE = Automatic;
				CURRENT_PROJECT_VERSION = 1;
				DEVELOPMENT_TEAM = B82BHJ5H89;
				GENERATE_INFOPLIST_FILE = YES;
				INFOPLIST_FILE = ZegoLiveAudioRoomDemo/Info.plist;
				INFOPLIST_KEY_UIApplicationSupportsIndirectInputEvents = YES;
				INFOPLIST_KEY_UILaunchStoryboardName = LaunchScreen;
				INFOPLIST_KEY_UIMainStoryboardFile = Main;
				INFOPLIST_KEY_UISupportedInterfaceOrientations_iPad = "UIInterfaceOrientationPortrait UIInterfaceOrientationPortraitUpsideDown UIInterfaceOrientationLandscapeLeft UIInterfaceOrientationLandscapeRight";
				INFOPLIST_KEY_UISupportedInterfaceOrientations_iPhone = "UIInterfaceOrientationPortrait UIInterfaceOrientationLandscapeLeft UIInterfaceOrientationLandscapeRight";
				IPHONEOS_DEPLOYMENT_TARGET = 13.0;
				LD_RUNPATH_SEARCH_PATHS = (
					"$(inherited)",
					"@executable_path/Frameworks",
				);
				MARKETING_VERSION = 1.0;
				PRODUCT_BUNDLE_IDENTIFIER = im.zego.liveAudioRoomDemo;
				PRODUCT_NAME = "$(TARGET_NAME)";
				SWIFT_EMIT_LOC_STRINGS = YES;
				SWIFT_VERSION = 5.0;
				TARGETED_DEVICE_FAMILY = "1,2";
			};
			name = Debug;
		};
		8EAB49EA2766FC7900A32320 /* Release */ = {
			isa = XCBuildConfiguration;
			baseConfigurationReference = B37C85AEA064180C9E3593C2 /* Pods-ZegoLiveAudioRoomDemo.release.xcconfig */;
			buildSettings = {
				ASSETCATALOG_COMPILER_APPICON_NAME = AppIcon;
				ASSETCATALOG_COMPILER_GLOBAL_ACCENT_COLOR_NAME = AccentColor;
				CODE_SIGN_STYLE = Automatic;
				CURRENT_PROJECT_VERSION = 1;
				DEVELOPMENT_TEAM = B82BHJ5H89;
				GENERATE_INFOPLIST_FILE = YES;
				INFOPLIST_FILE = ZegoLiveAudioRoomDemo/Info.plist;
				INFOPLIST_KEY_UIApplicationSupportsIndirectInputEvents = YES;
				INFOPLIST_KEY_UILaunchStoryboardName = LaunchScreen;
				INFOPLIST_KEY_UIMainStoryboardFile = Main;
				INFOPLIST_KEY_UISupportedInterfaceOrientations_iPad = "UIInterfaceOrientationPortrait UIInterfaceOrientationPortraitUpsideDown UIInterfaceOrientationLandscapeLeft UIInterfaceOrientationLandscapeRight";
				INFOPLIST_KEY_UISupportedInterfaceOrientations_iPhone = "UIInterfaceOrientationPortrait UIInterfaceOrientationLandscapeLeft UIInterfaceOrientationLandscapeRight";
				IPHONEOS_DEPLOYMENT_TARGET = 13.0;
				LD_RUNPATH_SEARCH_PATHS = (
					"$(inherited)",
					"@executable_path/Frameworks",
				);
				MARKETING_VERSION = 1.0;
				PRODUCT_BUNDLE_IDENTIFIER = im.zego.liveAudioRoomDemo;
				PRODUCT_NAME = "$(TARGET_NAME)";
				SWIFT_EMIT_LOC_STRINGS = YES;
				SWIFT_VERSION = 5.0;
				TARGETED_DEVICE_FAMILY = "1,2";
			};
			name = Release;
		};
/* End XCBuildConfiguration section */

/* Begin XCConfigurationList section */
		8EAB49CF2766FC7800A32320 /* Build configuration list for PBXProject "ZegoLiveAudioRoomDemo" */ = {
			isa = XCConfigurationList;
			buildConfigurations = (
				8EAB49E62766FC7900A32320 /* Debug */,
				8EAB49E72766FC7900A32320 /* Release */,
			);
			defaultConfigurationIsVisible = 0;
			defaultConfigurationName = Release;
		};
		8EAB49E82766FC7900A32320 /* Build configuration list for PBXNativeTarget "ZegoLiveAudioRoomDemo" */ = {
			isa = XCConfigurationList;
			buildConfigurations = (
				8EAB49E92766FC7900A32320 /* Debug */,
				8EAB49EA2766FC7900A32320 /* Release */,
			);
			defaultConfigurationIsVisible = 0;
			defaultConfigurationName = Release;
		};
/* End XCConfigurationList section */
	};
	rootObject = 8EAB49CC2766FC7800A32320 /* Project object */;
}
